
Microsoft Visual Studio Solution File, Format Version 12.00
# Visual Studio 15
VisualStudioVersion = 15.0.27703.2035
MinimumVisualStudioVersion = 10.0.40219.1
Project("{FAE04EC0-301F-11D3-BF4B-00C04F79EFBC}") = "CR.Android", "CR\CR.Android\CR.Android.csproj", "{DD3DDB71-434B-4D2B-8D62-DA025E58F7E3}"
EndProject
Project("{FAE04EC0-301F-11D3-BF4B-00C04F79EFBC}") = "CR", "CR\CR\CR.csproj", "{06CD4BB2-968B-44AB-BB0C-5A4277B96485}"
EndProject
Project("{FAE04EC0-301F-11D3-BF4B-00C04F79EFBC}") = "CR.UWP", "CR\CR.UWP\CR.UWP.csproj", "{51C3786F-2418-4510-8B0F-7248EE390D4A}"
EndProject
Project("{2150E333-8FDC-42A3-9474-1A3956D46DE8}") = "endpoints", "endpoints", "{A28AED61-F2F1-4780-B368-47383EBE1396}"
	ProjectSection(SolutionItems) = preProject
		..\CR Utilities\Raccolta Assets\endpoints\auth_stats.md = ..\CR Utilities\Raccolta Assets\endpoints\auth_stats.md
		..\CR Utilities\Raccolta Assets\endpoints\clan.md = ..\CR Utilities\Raccolta Assets\endpoints\clan.md
		..\CR Utilities\Raccolta Assets\endpoints\clan_battles.md = ..\CR Utilities\Raccolta Assets\endpoints\clan_battles.md
		..\CR Utilities\Raccolta Assets\endpoints\clan_history.md = ..\CR Utilities\Raccolta Assets\endpoints\clan_history.md
		..\CR Utilities\Raccolta Assets\endpoints\clan_history_weekly.md = ..\CR Utilities\Raccolta Assets\endpoints\clan_history_weekly.md
		..\CR Utilities\Raccolta Assets\endpoints\clan_search.md = ..\CR Utilities\Raccolta Assets\endpoints\clan_search.md
		..\CR Utilities\Raccolta Assets\endpoints\clan_track.md = ..\CR Utilities\Raccolta Assets\endpoints\clan_track.md
		..\CR Utilities\Raccolta Assets\endpoints\clan_tracking.md = ..\CR Utilities\Raccolta Assets\endpoints\clan_tracking.md
		..\CR Utilities\Raccolta Assets\endpoints\clan_war.md = ..\CR Utilities\Raccolta Assets\endpoints\clan_war.md
		..\CR Utilities\Raccolta Assets\endpoints\clan_warlog.md = ..\CR Utilities\Raccolta Assets\endpoints\clan_warlog.md
		..\CR Utilities\Raccolta Assets\endpoints\constants.md = ..\CR Utilities\Raccolta Assets\endpoints\constants.md
		..\CR Utilities\Raccolta Assets\endpoints\endpoints.md = ..\CR Utilities\Raccolta Assets\endpoints\endpoints.md
		..\CR Utilities\Raccolta Assets\endpoints\player.md = ..\CR Utilities\Raccolta Assets\endpoints\player.md
		..\CR Utilities\Raccolta Assets\endpoints\player_battles.md = ..\CR Utilities\Raccolta Assets\endpoints\player_battles.md
		..\CR Utilities\Raccolta Assets\endpoints\player_chests.md = ..\CR Utilities\Raccolta Assets\endpoints\player_chests.md
		..\CR Utilities\Raccolta Assets\endpoints\player_verification.md = ..\CR Utilities\Raccolta Assets\endpoints\player_verification.md
		..\CR Utilities\Raccolta Assets\endpoints\popular_clans.md = ..\CR Utilities\Raccolta Assets\endpoints\popular_clans.md
		..\CR Utilities\Raccolta Assets\endpoints\popular_decks.md = ..\CR Utilities\Raccolta Assets\endpoints\popular_decks.md
		..\CR Utilities\Raccolta Assets\endpoints\popular_players.md = ..\CR Utilities\Raccolta Assets\endpoints\popular_players.md
		..\CR Utilities\Raccolta Assets\endpoints\popular_tournaments.md = ..\CR Utilities\Raccolta Assets\endpoints\popular_tournaments.md
		..\CR Utilities\Raccolta Assets\endpoints\top_clans.md = ..\CR Utilities\Raccolta Assets\endpoints\top_clans.md
		..\CR Utilities\Raccolta Assets\endpoints\top_players.md = ..\CR Utilities\Raccolta Assets\endpoints\top_players.md
		..\CR Utilities\Raccolta Assets\endpoints\tournaments.md = ..\CR Utilities\Raccolta Assets\endpoints\tournaments.md
		..\CR Utilities\Raccolta Assets\endpoints\tournaments_1k.md = ..\CR Utilities\Raccolta Assets\endpoints\tournaments_1k.md
		..\CR Utilities\Raccolta Assets\endpoints\tournaments_full.md = ..\CR Utilities\Raccolta Assets\endpoints\tournaments_full.md
		..\CR Utilities\Raccolta Assets\endpoints\tournaments_joinable.md = ..\CR Utilities\Raccolta Assets\endpoints\tournaments_joinable.md
		..\CR Utilities\Raccolta Assets\endpoints\tournaments_known.md = ..\CR Utilities\Raccolta Assets\endpoints\tournaments_known.md
		..\CR Utilities\Raccolta Assets\endpoints\tournaments_open.md = ..\CR Utilities\Raccolta Assets\endpoints\tournaments_open.md
		..\CR Utilities\Raccolta Assets\endpoints\tournaments_prep.md = ..\CR Utilities\Raccolta Assets\endpoints\tournaments_prep.md
		..\CR Utilities\Raccolta Assets\endpoints\tournaments_search.md = ..\CR Utilities\Raccolta Assets\endpoints\tournaments_search.md
		..\CR Utilities\Raccolta Assets\endpoints\version.md = ..\CR Utilities\Raccolta Assets\endpoints\version.md
	EndProjectSection
EndProject
Project("{2150E333-8FDC-42A3-9474-1A3956D46DE8}") = "example", "example", "{C5186257-14CD-4C2C-9F58-38ACFDF66755}"
	ProjectSection(SolutionItems) = preProject
		..\CR Utilities\Raccolta Assets\example\approyale.png = ..\CR Utilities\Raccolta Assets\example\approyale.png
		..\CR Utilities\Raccolta Assets\example\clash-royale-charts.png = ..\CR Utilities\Raccolta Assets\example\clash-royale-charts.png
		..\CR Utilities\Raccolta Assets\example\crapi-player-tracker-0.png = ..\CR Utilities\Raccolta Assets\example\crapi-player-tracker-0.png
		..\CR Utilities\Raccolta Assets\example\crapi-player-tracker-1.png = ..\CR Utilities\Raccolta Assets\example\crapi-player-tracker-1.png
		..\CR Utilities\Raccolta Assets\example\crapi-player-tracker-2.png = ..\CR Utilities\Raccolta Assets\example\crapi-player-tracker-2.png
		..\CR Utilities\Raccolta Assets\example\crapi-player-tracker-3.png = ..\CR Utilities\Raccolta Assets\example\crapi-player-tracker-3.png
		..\CR Utilities\Raccolta Assets\example\crapi-player-tracker-4.png = ..\CR Utilities\Raccolta Assets\example\crapi-player-tracker-4.png
		..\CR Utilities\Raccolta Assets\example\crapi-player-tracker-5.png = ..\CR Utilities\Raccolta Assets\example\crapi-player-tracker-5.png
	EndProjectSection
EndProject
Global
	GlobalSection(SolutionConfigurationPlatforms) = preSolution
		Ad-Hoc|Any CPU = Ad-Hoc|Any CPU
		Ad-Hoc|ARM = Ad-Hoc|ARM
		Ad-Hoc|iPhone = Ad-Hoc|iPhone
		Ad-Hoc|iPhoneSimulator = Ad-Hoc|iPhoneSimulator
		Ad-Hoc|x64 = Ad-Hoc|x64
		Ad-Hoc|x86 = Ad-Hoc|x86
		AppStore|Any CPU = AppStore|Any CPU
		AppStore|ARM = AppStore|ARM
		AppStore|iPhone = AppStore|iPhone
		AppStore|iPhoneSimulator = AppStore|iPhoneSimulator
		AppStore|x64 = AppStore|x64
		AppStore|x86 = AppStore|x86
		Debug|Any CPU = Debug|Any CPU
		Debug|ARM = Debug|ARM
		Debug|iPhone = Debug|iPhone
		Debug|iPhoneSimulator = Debug|iPhoneSimulator
		Debug|x64 = Debug|x64
		Debug|x86 = Debug|x86
		Release|Any CPU = Release|Any CPU
		Release|ARM = Release|ARM
		Release|iPhone = Release|iPhone
		Release|iPhoneSimulator = Release|iPhoneSimulator
		Release|x64 = Release|x64
		Release|x86 = Release|x86
	EndGlobalSection
	GlobalSection(ProjectConfigurationPlatforms) = postSolution
		{DD3DDB71-434B-4D2B-8D62-DA025E58F7E3}.Ad-Hoc|Any CPU.ActiveCfg = Release|Any CPU
		{DD3DDB71-434B-4D2B-8D62-DA025E58F7E3}.Ad-Hoc|Any CPU.Build.0 = Release|Any CPU
		{DD3DDB71-434B-4D2B-8D62-DA025E58F7E3}.Ad-Hoc|Any CPU.Deploy.0 = Release|Any CPU
		{DD3DDB71-434B-4D2B-8D62-DA025E58F7E3}.Ad-Hoc|ARM.ActiveCfg = Release|Any CPU
		{DD3DDB71-434B-4D2B-8D62-DA025E58F7E3}.Ad-Hoc|ARM.Build.0 = Release|Any CPU
		{DD3DDB71-434B-4D2B-8D62-DA025E58F7E3}.Ad-Hoc|ARM.Deploy.0 = Release|Any CPU
		{DD3DDB71-434B-4D2B-8D62-DA025E58F7E3}.Ad-Hoc|iPhone.ActiveCfg = Release|Any CPU
		{DD3DDB71-434B-4D2B-8D62-DA025E58F7E3}.Ad-Hoc|iPhone.Build.0 = Release|Any CPU
		{DD3DDB71-434B-4D2B-8D62-DA025E58F7E3}.Ad-Hoc|iPhone.Deploy.0 = Release|Any CPU
		{DD3DDB71-434B-4D2B-8D62-DA025E58F7E3}.Ad-Hoc|iPhoneSimulator.ActiveCfg = Release|Any CPU
		{DD3DDB71-434B-4D2B-8D62-DA025E58F7E3}.Ad-Hoc|iPhoneSimulator.Build.0 = Release|Any CPU
		{DD3DDB71-434B-4D2B-8D62-DA025E58F7E3}.Ad-Hoc|iPhoneSimulator.Deploy.0 = Release|Any CPU
		{DD3DDB71-434B-4D2B-8D62-DA025E58F7E3}.Ad-Hoc|x64.ActiveCfg = Release|Any CPU
		{DD3DDB71-434B-4D2B-8D62-DA025E58F7E3}.Ad-Hoc|x64.Build.0 = Release|Any CPU
		{DD3DDB71-434B-4D2B-8D62-DA025E58F7E3}.Ad-Hoc|x64.Deploy.0 = Release|Any CPU
		{DD3DDB71-434B-4D2B-8D62-DA025E58F7E3}.Ad-Hoc|x86.ActiveCfg = Release|Any CPU
		{DD3DDB71-434B-4D2B-8D62-DA025E58F7E3}.Ad-Hoc|x86.Build.0 = Release|Any CPU
		{DD3DDB71-434B-4D2B-8D62-DA025E58F7E3}.Ad-Hoc|x86.Deploy.0 = Release|Any CPU
		{DD3DDB71-434B-4D2B-8D62-DA025E58F7E3}.AppStore|Any CPU.ActiveCfg = Release|Any CPU
		{DD3DDB71-434B-4D2B-8D62-DA025E58F7E3}.AppStore|Any CPU.Build.0 = Release|Any CPU
		{DD3DDB71-434B-4D2B-8D62-DA025E58F7E3}.AppStore|Any CPU.Deploy.0 = Release|Any CPU
		{DD3DDB71-434B-4D2B-8D62-DA025E58F7E3}.AppStore|ARM.ActiveCfg = Release|Any CPU
		{DD3DDB71-434B-4D2B-8D62-DA025E58F7E3}.AppStore|ARM.Build.0 = Release|Any CPU
		{DD3DDB71-434B-4D2B-8D62-DA025E58F7E3}.AppStore|ARM.Deploy.0 = Release|Any CPU
		{DD3DDB71-434B-4D2B-8D62-DA025E58F7E3}.AppStore|iPhone.ActiveCfg = Release|Any CPU
		{DD3DDB71-434B-4D2B-8D62-DA025E58F7E3}.AppStore|iPhone.Build.0 = Release|Any CPU
		{DD3DDB71-434B-4D2B-8D62-DA025E58F7E3}.AppStore|iPhone.Deploy.0 = Release|Any CPU
		{DD3DDB71-434B-4D2B-8D62-DA025E58F7E3}.AppStore|iPhoneSimulator.ActiveCfg = Release|Any CPU
		{DD3DDB71-434B-4D2B-8D62-DA025E58F7E3}.AppStore|iPhoneSimulator.Build.0 = Release|Any CPU
		{DD3DDB71-434B-4D2B-8D62-DA025E58F7E3}.AppStore|iPhoneSimulator.Deploy.0 = Release|Any CPU
		{DD3DDB71-434B-4D2B-8D62-DA025E58F7E3}.AppStore|x64.ActiveCfg = Release|Any CPU
		{DD3DDB71-434B-4D2B-8D62-DA025E58F7E3}.AppStore|x64.Build.0 = Release|Any CPU
		{DD3DDB71-434B-4D2B-8D62-DA025E58F7E3}.AppStore|x64.Deploy.0 = Release|Any CPU
		{DD3DDB71-434B-4D2B-8D62-DA025E58F7E3}.AppStore|x86.ActiveCfg = Release|Any CPU
		{DD3DDB71-434B-4D2B-8D62-DA025E58F7E3}.AppStore|x86.Build.0 = Release|Any CPU
		{DD3DDB71-434B-4D2B-8D62-DA025E58F7E3}.AppStore|x86.Deploy.0 = Release|Any CPU
		{DD3DDB71-434B-4D2B-8D62-DA025E58F7E3}.Debug|Any CPU.ActiveCfg = Debug|Any CPU
		{DD3DDB71-434B-4D2B-8D62-DA025E58F7E3}.Debug|Any CPU.Build.0 = Debug|Any CPU
		{DD3DDB71-434B-4D2B-8D62-DA025E58F7E3}.Debug|Any CPU.Deploy.0 = Debug|Any CPU
		{DD3DDB71-434B-4D2B-8D62-DA025E58F7E3}.Debug|ARM.ActiveCfg = Debug|Any CPU
		{DD3DDB71-434B-4D2B-8D62-DA025E58F7E3}.Debug|ARM.Build.0 = Debug|Any CPU
		{DD3DDB71-434B-4D2B-8D62-DA025E58F7E3}.Debug|ARM.Deploy.0 = Debug|Any CPU
		{DD3DDB71-434B-4D2B-8D62-DA025E58F7E3}.Debug|iPhone.ActiveCfg = Debug|Any CPU
		{DD3DDB71-434B-4D2B-8D62-DA025E58F7E3}.Debug|iPhone.Build.0 = Debug|Any CPU
		{DD3DDB71-434B-4D2B-8D62-DA025E58F7E3}.Debug|iPhone.Deploy.0 = Debug|Any CPU
		{DD3DDB71-434B-4D2B-8D62-DA025E58F7E3}.Debug|iPhoneSimulator.ActiveCfg = Debug|Any CPU
		{DD3DDB71-434B-4D2B-8D62-DA025E58F7E3}.Debug|iPhoneSimulator.Build.0 = Debug|Any CPU
		{DD3DDB71-434B-4D2B-8D62-DA025E58F7E3}.Debug|iPhoneSimulator.Deploy.0 = Debug|Any CPU
		{DD3DDB71-434B-4D2B-8D62-DA025E58F7E3}.Debug|x64.ActiveCfg = Debug|Any CPU
		{DD3DDB71-434B-4D2B-8D62-DA025E58F7E3}.Debug|x64.Build.0 = Debug|Any CPU
		{DD3DDB71-434B-4D2B-8D62-DA025E58F7E3}.Debug|x64.Deploy.0 = Debug|Any CPU
		{DD3DDB71-434B-4D2B-8D62-DA025E58F7E3}.Debug|x86.ActiveCfg = Debug|Any CPU
		{DD3DDB71-434B-4D2B-8D62-DA025E58F7E3}.Debug|x86.Build.0 = Debug|Any CPU
		{DD3DDB71-434B-4D2B-8D62-DA025E58F7E3}.Debug|x86.Deploy.0 = Debug|Any CPU
		{DD3DDB71-434B-4D2B-8D62-DA025E58F7E3}.Release|Any CPU.ActiveCfg = Release|Any CPU
		{DD3DDB71-434B-4D2B-8D62-DA025E58F7E3}.Release|Any CPU.Build.0 = Release|Any CPU
		{DD3DDB71-434B-4D2B-8D62-DA025E58F7E3}.Release|Any CPU.Deploy.0 = Release|Any CPU
		{DD3DDB71-434B-4D2B-8D62-DA025E58F7E3}.Release|ARM.ActiveCfg = Release|Any CPU
		{DD3DDB71-434B-4D2B-8D62-DA025E58F7E3}.Release|ARM.Build.0 = Release|Any CPU
		{DD3DDB71-434B-4D2B-8D62-DA025E58F7E3}.Release|ARM.Deploy.0 = Release|Any CPU
		{DD3DDB71-434B-4D2B-8D62-DA025E58F7E3}.Release|iPhone.ActiveCfg = Release|Any CPU
		{DD3DDB71-434B-4D2B-8D62-DA025E58F7E3}.Release|iPhone.Build.0 = Release|Any CPU
		{DD3DDB71-434B-4D2B-8D62-DA025E58F7E3}.Release|iPhone.Deploy.0 = Release|Any CPU
		{DD3DDB71-434B-4D2B-8D62-DA025E58F7E3}.Release|iPhoneSimulator.ActiveCfg = Release|Any CPU
		{DD3DDB71-434B-4D2B-8D62-DA025E58F7E3}.Release|iPhoneSimulator.Build.0 = Release|Any CPU
		{DD3DDB71-434B-4D2B-8D62-DA025E58F7E3}.Release|iPhoneSimulator.Deploy.0 = Release|Any CPU
		{DD3DDB71-434B-4D2B-8D62-DA025E58F7E3}.Release|x64.ActiveCfg = Release|Any CPU
		{DD3DDB71-434B-4D2B-8D62-DA025E58F7E3}.Release|x64.Build.0 = Release|Any CPU
		{DD3DDB71-434B-4D2B-8D62-DA025E58F7E3}.Release|x64.Deploy.0 = Release|Any CPU
		{DD3DDB71-434B-4D2B-8D62-DA025E58F7E3}.Release|x86.ActiveCfg = Release|Any CPU
		{DD3DDB71-434B-4D2B-8D62-DA025E58F7E3}.Release|x86.Build.0 = Release|Any CPU
		{DD3DDB71-434B-4D2B-8D62-DA025E58F7E3}.Release|x86.Deploy.0 = Release|Any CPU
		{06CD4BB2-968B-44AB-BB0C-5A4277B96485}.Ad-Hoc|Any CPU.ActiveCfg = Release|Any CPU
		{06CD4BB2-968B-44AB-BB0C-5A4277B96485}.Ad-Hoc|Any CPU.Build.0 = Release|Any CPU
		{06CD4BB2-968B-44AB-BB0C-5A4277B96485}.Ad-Hoc|ARM.ActiveCfg = Release|Any CPU
		{06CD4BB2-968B-44AB-BB0C-5A4277B96485}.Ad-Hoc|ARM.Build.0 = Release|Any CPU
		{06CD4BB2-968B-44AB-BB0C-5A4277B96485}.Ad-Hoc|iPhone.ActiveCfg = Release|Any CPU
		{06CD4BB2-968B-44AB-BB0C-5A4277B96485}.Ad-Hoc|iPhone.Build.0 = Release|Any CPU
		{06CD4BB2-968B-44AB-BB0C-5A4277B96485}.Ad-Hoc|iPhoneSimulator.ActiveCfg = Release|Any CPU
		{06CD4BB2-968B-44AB-BB0C-5A4277B96485}.Ad-Hoc|iPhoneSimulator.Build.0 = Release|Any CPU
		{06CD4BB2-968B-44AB-BB0C-5A4277B96485}.Ad-Hoc|x64.ActiveCfg = Release|Any CPU
		{06CD4BB2-968B-44AB-BB0C-5A4277B96485}.Ad-Hoc|x64.Build.0 = Release|Any CPU
		{06CD4BB2-968B-44AB-BB0C-5A4277B96485}.Ad-Hoc|x86.ActiveCfg = Release|Any CPU
		{06CD4BB2-968B-44AB-BB0C-5A4277B96485}.Ad-Hoc|x86.Build.0 = Release|Any CPU
		{06CD4BB2-968B-44AB-BB0C-5A4277B96485}.AppStore|Any CPU.ActiveCfg = Release|Any CPU
		{06CD4BB2-968B-44AB-BB0C-5A4277B96485}.AppStore|Any CPU.Build.0 = Release|Any CPU
		{06CD4BB2-968B-44AB-BB0C-5A4277B96485}.AppStore|ARM.ActiveCfg = Release|Any CPU
		{06CD4BB2-968B-44AB-BB0C-5A4277B96485}.AppStore|ARM.Build.0 = Release|Any CPU
		{06CD4BB2-968B-44AB-BB0C-5A4277B96485}.AppStore|iPhone.ActiveCfg = Release|Any CPU
		{06CD4BB2-968B-44AB-BB0C-5A4277B96485}.AppStore|iPhone.Build.0 = Release|Any CPU
		{06CD4BB2-968B-44AB-BB0C-5A4277B96485}.AppStore|iPhoneSimulator.ActiveCfg = Release|Any CPU
		{06CD4BB2-968B-44AB-BB0C-5A4277B96485}.AppStore|iPhoneSimulator.Build.0 = Release|Any CPU
		{06CD4BB2-968B-44AB-BB0C-5A4277B96485}.AppStore|x64.ActiveCfg = Release|Any CPU
		{06CD4BB2-968B-44AB-BB0C-5A4277B96485}.AppStore|x64.Build.0 = Release|Any CPU
		{06CD4BB2-968B-44AB-BB0C-5A4277B96485}.AppStore|x86.ActiveCfg = Release|Any CPU
		{06CD4BB2-968B-44AB-BB0C-5A4277B96485}.AppStore|x86.Build.0 = Release|Any CPU
		{06CD4BB2-968B-44AB-BB0C-5A4277B96485}.Debug|Any CPU.ActiveCfg = Debug|Any CPU
		{06CD4BB2-968B-44AB-BB0C-5A4277B96485}.Debug|Any CPU.Build.0 = Debug|Any CPU
		{06CD4BB2-968B-44AB-BB0C-5A4277B96485}.Debug|ARM.ActiveCfg = Debug|Any CPU
		{06CD4BB2-968B-44AB-BB0C-5A4277B96485}.Debug|ARM.Build.0 = Debug|Any CPU
		{06CD4BB2-968B-44AB-BB0C-5A4277B96485}.Debug|iPhone.ActiveCfg = Debug|Any CPU
		{06CD4BB2-968B-44AB-BB0C-5A4277B96485}.Debug|iPhone.Build.0 = Debug|Any CPU
		{06CD4BB2-968B-44AB-BB0C-5A4277B96485}.Debug|iPhoneSimulator.ActiveCfg = Debug|Any CPU
		{06CD4BB2-968B-44AB-BB0C-5A4277B96485}.Debug|iPhoneSimulator.Build.0 = Debug|Any CPU
		{06CD4BB2-968B-44AB-BB0C-5A4277B96485}.Debug|x64.ActiveCfg = Debug|Any CPU
		{06CD4BB2-968B-44AB-BB0C-5A4277B96485}.Debug|x64.Build.0 = Debug|Any CPU
		{06CD4BB2-968B-44AB-BB0C-5A4277B96485}.Debug|x86.ActiveCfg = Debug|Any CPU
		{06CD4BB2-968B-44AB-BB0C-5A4277B96485}.Debug|x86.Build.0 = Debug|Any CPU
		{06CD4BB2-968B-44AB-BB0C-5A4277B96485}.Release|Any CPU.ActiveCfg = Release|Any CPU
		{06CD4BB2-968B-44AB-BB0C-5A4277B96485}.Release|Any CPU.Build.0 = Release|Any CPU
		{06CD4BB2-968B-44AB-BB0C-5A4277B96485}.Release|ARM.ActiveCfg = Release|Any CPU
		{06CD4BB2-968B-44AB-BB0C-5A4277B96485}.Release|ARM.Build.0 = Release|Any CPU
		{06CD4BB2-968B-44AB-BB0C-5A4277B96485}.Release|iPhone.ActiveCfg = Release|Any CPU
		{06CD4BB2-968B-44AB-BB0C-5A4277B96485}.Release|iPhone.Build.0 = Release|Any CPU
		{06CD4BB2-968B-44AB-BB0C-5A4277B96485}.Release|iPhoneSimulator.ActiveCfg = Release|Any CPU
		{06CD4BB2-968B-44AB-BB0C-5A4277B96485}.Release|iPhoneSimulator.Build.0 = Release|Any CPU
		{06CD4BB2-968B-44AB-BB0C-5A4277B96485}.Release|x64.ActiveCfg = Release|Any CPU
		{06CD4BB2-968B-44AB-BB0C-5A4277B96485}.Release|x64.Build.0 = Release|Any CPU
		{06CD4BB2-968B-44AB-BB0C-5A4277B96485}.Release|x86.ActiveCfg = Release|Any CPU
		{06CD4BB2-968B-44AB-BB0C-5A4277B96485}.Release|x86.Build.0 = Release|Any CPU
		{51C3786F-2418-4510-8B0F-7248EE390D4A}.Ad-Hoc|Any CPU.ActiveCfg = Release|x86
		{51C3786F-2418-4510-8B0F-7248EE390D4A}.Ad-Hoc|Any CPU.Build.0 = Release|x86
		{51C3786F-2418-4510-8B0F-7248EE390D4A}.Ad-Hoc|Any CPU.Deploy.0 = Release|x86
		{51C3786F-2418-4510-8B0F-7248EE390D4A}.Ad-Hoc|ARM.ActiveCfg = Release|ARM
		{51C3786F-2418-4510-8B0F-7248EE390D4A}.Ad-Hoc|ARM.Build.0 = Release|ARM
		{51C3786F-2418-4510-8B0F-7248EE390D4A}.Ad-Hoc|ARM.Deploy.0 = Release|ARM
		{51C3786F-2418-4510-8B0F-7248EE390D4A}.Ad-Hoc|iPhone.ActiveCfg = Release|x86
		{51C3786F-2418-4510-8B0F-7248EE390D4A}.Ad-Hoc|iPhone.Build.0 = Release|x86
		{51C3786F-2418-4510-8B0F-7248EE390D4A}.Ad-Hoc|iPhone.Deploy.0 = Release|x86
		{51C3786F-2418-4510-8B0F-7248EE390D4A}.Ad-Hoc|iPhoneSimulator.ActiveCfg = Release|x86
		{51C3786F-2418-4510-8B0F-7248EE390D4A}.Ad-Hoc|iPhoneSimulator.Build.0 = Release|x86
		{51C3786F-2418-4510-8B0F-7248EE390D4A}.Ad-Hoc|iPhoneSimulator.Deploy.0 = Release|x86
		{51C3786F-2418-4510-8B0F-7248EE390D4A}.Ad-Hoc|x64.ActiveCfg = Release|x64
		{51C3786F-2418-4510-8B0F-7248EE390D4A}.Ad-Hoc|x64.Build.0 = Release|x64
		{51C3786F-2418-4510-8B0F-7248EE390D4A}.Ad-Hoc|x64.Deploy.0 = Release|x64
		{51C3786F-2418-4510-8B0F-7248EE390D4A}.Ad-Hoc|x86.ActiveCfg = Release|x86
		{51C3786F-2418-4510-8B0F-7248EE390D4A}.Ad-Hoc|x86.Build.0 = Release|x86
		{51C3786F-2418-4510-8B0F-7248EE390D4A}.Ad-Hoc|x86.Deploy.0 = Release|x86
		{51C3786F-2418-4510-8B0F-7248EE390D4A}.AppStore|Any CPU.ActiveCfg = Release|x86
		{51C3786F-2418-4510-8B0F-7248EE390D4A}.AppStore|Any CPU.Build.0 = Release|x86
		{51C3786F-2418-4510-8B0F-7248EE390D4A}.AppStore|Any CPU.Deploy.0 = Release|x86
		{51C3786F-2418-4510-8B0F-7248EE390D4A}.AppStore|ARM.ActiveCfg = Release|ARM
		{51C3786F-2418-4510-8B0F-7248EE390D4A}.AppStore|ARM.Build.0 = Release|ARM
		{51C3786F-2418-4510-8B0F-7248EE390D4A}.AppStore|ARM.Deploy.0 = Release|ARM
		{51C3786F-2418-4510-8B0F-7248EE390D4A}.AppStore|iPhone.ActiveCfg = Release|x86
		{51C3786F-2418-4510-8B0F-7248EE390D4A}.AppStore|iPhone.Build.0 = Release|x86
		{51C3786F-2418-4510-8B0F-7248EE390D4A}.AppStore|iPhone.Deploy.0 = Release|x86
		{51C3786F-2418-4510-8B0F-7248EE390D4A}.AppStore|iPhoneSimulator.ActiveCfg = Release|x86
		{51C3786F-2418-4510-8B0F-7248EE390D4A}.AppStore|iPhoneSimulator.Build.0 = Release|x86
		{51C3786F-2418-4510-8B0F-7248EE390D4A}.AppStore|iPhoneSimulator.Deploy.0 = Release|x86
		{51C3786F-2418-4510-8B0F-7248EE390D4A}.AppStore|x64.ActiveCfg = Release|x64
		{51C3786F-2418-4510-8B0F-7248EE390D4A}.AppStore|x64.Build.0 = Release|x64
		{51C3786F-2418-4510-8B0F-7248EE390D4A}.AppStore|x64.Deploy.0 = Release|x64
		{51C3786F-2418-4510-8B0F-7248EE390D4A}.AppStore|x86.ActiveCfg = Release|x86
		{51C3786F-2418-4510-8B0F-7248EE390D4A}.AppStore|x86.Build.0 = Release|x86
		{51C3786F-2418-4510-8B0F-7248EE390D4A}.AppStore|x86.Deploy.0 = Release|x86
		{51C3786F-2418-4510-8B0F-7248EE390D4A}.Debug|Any CPU.ActiveCfg = Debug|x86
		{51C3786F-2418-4510-8B0F-7248EE390D4A}.Debug|ARM.ActiveCfg = Debug|ARM
		{51C3786F-2418-4510-8B0F-7248EE390D4A}.Debug|ARM.Build.0 = Debug|ARM
		{51C3786F-2418-4510-8B0F-7248EE390D4A}.Debug|ARM.Deploy.0 = Debug|ARM
		{51C3786F-2418-4510-8B0F-7248EE390D4A}.Debug|iPhone.ActiveCfg = Debug|x86
		{51C3786F-2418-4510-8B0F-7248EE390D4A}.Debug|iPhoneSimulator.ActiveCfg = Debug|x86
		{51C3786F-2418-4510-8B0F-7248EE390D4A}.Debug|x64.ActiveCfg = Debug|x64
		{51C3786F-2418-4510-8B0F-7248EE390D4A}.Debug|x64.Build.0 = Debug|x64
		{51C3786F-2418-4510-8B0F-7248EE390D4A}.Debug|x64.Deploy.0 = Debug|x64
		{51C3786F-2418-4510-8B0F-7248EE390D4A}.Debug|x86.ActiveCfg = Debug|x86
		{51C3786F-2418-4510-8B0F-7248EE390D4A}.Debug|x86.Build.0 = Debug|x86
		{51C3786F-2418-4510-8B0F-7248EE390D4A}.Debug|x86.Deploy.0 = Debug|x86
		{51C3786F-2418-4510-8B0F-7248EE390D4A}.Release|Any CPU.ActiveCfg = Release|x86
		{51C3786F-2418-4510-8B0F-7248EE390D4A}.Release|ARM.ActiveCfg = Release|ARM
		{51C3786F-2418-4510-8B0F-7248EE390D4A}.Release|ARM.Build.0 = Release|ARM
		{51C3786F-2418-4510-8B0F-7248EE390D4A}.Release|ARM.Deploy.0 = Release|ARM
		{51C3786F-2418-4510-8B0F-7248EE390D4A}.Release|iPhone.ActiveCfg = Release|x86
		{51C3786F-2418-4510-8B0F-7248EE390D4A}.Release|iPhoneSimulator.ActiveCfg = Release|x86
		{51C3786F-2418-4510-8B0F-7248EE390D4A}.Release|x64.ActiveCfg = Release|x64
		{51C3786F-2418-4510-8B0F-7248EE390D4A}.Release|x64.Build.0 = Release|x64
		{51C3786F-2418-4510-8B0F-7248EE390D4A}.Release|x64.Deploy.0 = Release|x64
		{51C3786F-2418-4510-8B0F-7248EE390D4A}.Release|x86.ActiveCfg = Release|x86
		{51C3786F-2418-4510-8B0F-7248EE390D4A}.Release|x86.Build.0 = Release|x86
		{51C3786F-2418-4510-8B0F-7248EE390D4A}.Release|x86.Deploy.0 = Release|x86
	EndGlobalSection
	GlobalSection(SolutionProperties) = preSolution
		HideSolutionNode = FALSE
	EndGlobalSection
	GlobalSection(ExtensibilityGlobals) = postSolution
		SolutionGuid = {13774721-5199-43E5-9E87-4E71C6AA77F7}
	EndGlobalSection
EndGlobal
